{
  "object": {
    "pins": [
      {
        "package": "DITranquillity",
        "repositoryURL": "https://github.com/ivlevAstef/DITranquillity.git",
        "state": {
          "branch": null,
          "revision": "a567dde60c7e595942942ddccc7ebb38e8117ab5",
          "version": "3.9.0"
        }
      },
      {
        "package": "Realm",
        "repositoryURL": "https://github.com/realm/realm-cocoa.git",
        "state": {
          "branch": null,
          "revision": "11d7853b750f367525b174331e72f5431e15dfcc",
          "version": "4.1.1"
        }
      },
      {
        "package": "RealmCore",
        "repositoryURL": "https://github.com/realm/realm-core",
        "state": {
          "branch": null,
          "revision": "d2f6573960c84ebea3e0236047b3d976f95a5d7a",
          "version": "5.23.6"
        }
      },
      {
        "package": "SnapKit",
        "repositoryURL": "https://github.com/SnapKit/SnapKit.git",
        "state": {
          "branch": null,
          "revision": "d458564516e5676af9c70b4f4b2a9178294f1bc6",
          "version": "5.0.1"
        }
      },
      {
        "package": "SwiftLazy",
        "repositoryURL": "https://github.com/ivlevAstef/SwiftLazy.git",
        "state": {
          "branch": null,
          "revision": "988bd1bc5850115a8f3ae20e4db937963b076960",
          "version": "1.1.5"
        }
      }
    ]
  },
  "version": 1
}
